// !$*UTF8*$!
{
	archiveVersion = 1;
	classes = {
	};
	objectVersion = 50;
	objects = {

/* Begin PBXBuildFile section */
		99FB0C4D263EB21A000027D0 /* AppDelegate.swift in Sources */ = {isa = PBXBuildFile; fileRef = 99FB0C4C263EB21A000027D0 /* AppDelegate.swift */; };
		99FB0C4F263EB21A000027D0 /* SceneDelegate.swift in Sources */ = {isa = PBXBuildFile; fileRef = 99FB0C4E263EB21A000027D0 /* SceneDelegate.swift */; };
		99FB0C51263EB21A000027D0 /* PaymentListViewController.swift in Sources */ = {isa = PBXBuildFile; fileRef = 99FB0C50263EB21A000027D0 /* PaymentListViewController.swift */; };
		99FB0C54263EB21A000027D0 /* Main.storyboard in Resources */ = {isa = PBXBuildFile; fileRef = 99FB0C52263EB21A000027D0 /* Main.storyboard */; };
		99FB0C56263EB21B000027D0 /* Assets.xcassets in Resources */ = {isa = PBXBuildFile; fileRef = 99FB0C55263EB21B000027D0 /* Assets.xcassets */; };
		99FB0C59263EB21B000027D0 /* LaunchScreen.storyboard in Resources */ = {isa = PBXBuildFile; fileRef = 99FB0C57263EB21B000027D0 /* LaunchScreen.storyboard */; };
		99FB0C64263EB21B000027D0 /* PaymentsTests.swift in Sources */ = {isa = PBXBuildFile; fileRef = 99FB0C63263EB21B000027D0 /* PaymentsTests.swift */; };
		99FB0C6F263EB21B000027D0 /* PaymentsUITests.swift in Sources */ = {isa = PBXBuildFile; fileRef = 99FB0C6E263EB21B000027D0 /* PaymentsUITests.swift */; };
		99FB0C81263EB312000027D0 /* PaymentList.swift in Sources */ = {isa = PBXBuildFile; fileRef = 99FB0C80263EB312000027D0 /* PaymentList.swift */; };
		99FB0C88263EB380000027D0 /* Constant.swift in Sources */ = {isa = PBXBuildFile; fileRef = 99FB0C87263EB380000027D0 /* Constant.swift */; };
		99FB0C90263EB3D6000027D0 /* PaymentAPI.swift in Sources */ = {isa = PBXBuildFile; fileRef = 99FB0C8F263EB3D6000027D0 /* PaymentAPI.swift */; };
		99FB0C99263EC66E000027D0 /* PaymentViewModel.swift in Sources */ = {isa = PBXBuildFile; fileRef = 99FB0C98263EC66E000027D0 /* PaymentViewModel.swift */; };
/* End PBXBuildFile section */

/* Begin PBXContainerItemProxy section */
		99FB0C60263EB21B000027D0 /* PBXContainerItemProxy */ = {
			isa = PBXContainerItemProxy;
			containerPortal = 99FB0C41263EB21A000027D0 /* Project object */;
			proxyType = 1;
			remoteGlobalIDString = 99FB0C48263EB21A000027D0;
			remoteInfo = Payments;
		};
		99FB0C6B263EB21B000027D0 /* PBXContainerItemProxy */ = {
			isa = PBXContainerItemProxy;
			containerPortal = 99FB0C41263EB21A000027D0 /* Project object */;
			proxyType = 1;
			remoteGlobalIDString = 99FB0C48263EB21A000027D0;
			remoteInfo = Payments;
		};
/* End PBXContainerItemProxy section */

/* Begin PBXFileReference section */
		99FB0C49263EB21A000027D0 /* Payments.app */ = {isa = PBXFileReference; explicitFileType = wrapper.application; includeInIndex = 0; path = Payments.app; sourceTree = BUILT_PRODUCTS_DIR; };
		99FB0C4C263EB21A000027D0 /* AppDelegate.swift */ = {isa = PBXFileReference; lastKnownFileType = sourcecode.swift; path = AppDelegate.swift; sourceTree = "<group>"; };
		99FB0C4E263EB21A000027D0 /* SceneDelegate.swift */ = {isa = PBXFileReference; lastKnownFileType = sourcecode.swift; path = SceneDelegate.swift; sourceTree = "<group>"; };
		99FB0C50263EB21A000027D0 /* PaymentListViewController.swift */ = {isa = PBXFileReference; lastKnownFileType = sourcecode.swift; path = PaymentListViewController.swift; sourceTree = "<group>"; };
		99FB0C53263EB21A000027D0 /* Base */ = {isa = PBXFileReference; lastKnownFileType = file.storyboard; name = Base; path = Base.lproj/Main.storyboard; sourceTree = "<group>"; };
		99FB0C55263EB21B000027D0 /* Assets.xcassets */ = {isa = PBXFileReference; lastKnownFileType = folder.assetcatalog; path = Assets.xcassets; sourceTree = "<group>"; };
		99FB0C58263EB21B000027D0 /* Base */ = {isa = PBXFileReference; lastKnownFileType = file.storyboard; name = Base; path = Base.lproj/LaunchScreen.storyboard; sourceTree = "<group>"; };
		99FB0C5A263EB21B000027D0 /* Info.plist */ = {isa = PBXFileReference; lastKnownFileType = text.plist.xml; path = Info.plist; sourceTree = "<group>"; };
		99FB0C5F263EB21B000027D0 /* PaymentsTests.xctest */ = {isa = PBXFileReference; explicitFileType = wrapper.cfbundle; includeInIndex = 0; path = PaymentsTests.xctest; sourceTree = BUILT_PRODUCTS_DIR; };
		99FB0C63263EB21B000027D0 /* PaymentsTests.swift */ = {isa = PBXFileReference; lastKnownFileType = sourcecode.swift; path = PaymentsTests.swift; sourceTree = "<group>"; };
		99FB0C65263EB21B000027D0 /* Info.plist */ = {isa = PBXFileReference; lastKnownFileType = text.plist.xml; path = Info.plist; sourceTree = "<group>"; };
		99FB0C6A263EB21B000027D0 /* PaymentsUITests.xctest */ = {isa = PBXFileReference; explicitFileType = wrapper.cfbundle; includeInIndex = 0; path = PaymentsUITests.xctest; sourceTree = BUILT_PRODUCTS_DIR; };
		99FB0C6E263EB21B000027D0 /* PaymentsUITests.swift */ = {isa = PBXFileReference; lastKnownFileType = sourcecode.swift; path = PaymentsUITests.swift; sourceTree = "<group>"; };
		99FB0C70263EB21B000027D0 /* Info.plist */ = {isa = PBXFileReference; lastKnownFileType = text.plist.xml; path = Info.plist; sourceTree = "<group>"; };
		99FB0C80263EB312000027D0 /* PaymentList.swift */ = {isa = PBXFileReference; lastKnownFileType = sourcecode.swift; path = PaymentList.swift; sourceTree = "<group>"; };
		99FB0C87263EB380000027D0 /* Constant.swift */ = {isa = PBXFileReference; lastKnownFileType = sourcecode.swift; path = Constant.swift; sourceTree = "<group>"; };
		99FB0C8F263EB3D6000027D0 /* PaymentAPI.swift */ = {isa = PBXFileReference; lastKnownFileType = sourcecode.swift; path = PaymentAPI.swift; sourceTree = "<group>"; };
		99FB0C98263EC66E000027D0 /* PaymentViewModel.swift */ = {isa = PBXFileReference; lastKnownFileType = sourcecode.swift; path = PaymentViewModel.swift; sourceTree = "<group>"; };
/* End PBXFileReference section */

/* Begin PBXFrameworksBuildPhase section */
		99FB0C46263EB21A000027D0 /* Frameworks */ = {
			isa = PBXFrameworksBuildPhase;
			buildActionMask = 2147483647;
			files = (
			);
			runOnlyForDeploymentPostprocessing = 0;
		};
		99FB0C5C263EB21B000027D0 /* Frameworks */ = {
			isa = PBXFrameworksBuildPhase;
			buildActionMask = 2147483647;
			files = (
			);
			runOnlyForDeploymentPostprocessing = 0;
		};
		99FB0C67263EB21B000027D0 /* Frameworks */ = {
			isa = PBXFrameworksBuildPhase;
			buildActionMask = 2147483647;
			files = (
			);
			runOnlyForDeploymentPostprocessing = 0;
		};
/* End PBXFrameworksBuildPhase section */

/* Begin PBXGroup section */
		99FB0C40263EB21A000027D0 = {
			isa = PBXGroup;
			children = (
				99FB0C4B263EB21A000027D0 /* Payments */,
				99FB0C62263EB21B000027D0 /* PaymentsTests */,
				99FB0C6D263EB21B000027D0 /* PaymentsUITests */,
				99FB0C4A263EB21A000027D0 /* Products */,
			);
			sourceTree = "<group>";
		};
		99FB0C4A263EB21A000027D0 /* Products */ = {
			isa = PBXGroup;
			children = (
				99FB0C49263EB21A000027D0 /* Payments.app */,
				99FB0C5F263EB21B000027D0 /* PaymentsTests.xctest */,
				99FB0C6A263EB21B000027D0 /* PaymentsUITests.xctest */,
			);
			name = Products;
			sourceTree = "<group>";
		};
		99FB0C4B263EB21A000027D0 /* Payments */ = {
			isa = PBXGroup;
			children = (
				99FB0C97263EC656000027D0 /* ViewModel */,
				99FB0C86263EB371000027D0 /* Common */,
				99FB0C85263EB31E000027D0 /* Network */,
				99FB0C7F263EB29F000027D0 /* Model */,
				99FB0C4C263EB21A000027D0 /* AppDelegate.swift */,
				99FB0C4E263EB21A000027D0 /* SceneDelegate.swift */,
				99FB0C50263EB21A000027D0 /* PaymentListViewController.swift */,
				99FB0C52263EB21A000027D0 /* Main.storyboard */,
				99FB0C55263EB21B000027D0 /* Assets.xcassets */,
				99FB0C57263EB21B000027D0 /* LaunchScreen.storyboard */,
				99FB0C5A263EB21B000027D0 /* Info.plist */,
			);
			path = Payments;
			sourceTree = "<group>";
		};
		99FB0C62263EB21B000027D0 /* PaymentsTests */ = {
			isa = PBXGroup;
			children = (
				99FB0C63263EB21B000027D0 /* PaymentsTests.swift */,
				99FB0C65263EB21B000027D0 /* Info.plist */,
			);
			path = PaymentsTests;
			sourceTree = "<group>";
		};
		99FB0C6D263EB21B000027D0 /* PaymentsUITests */ = {
			isa = PBXGroup;
			children = (
				99FB0C6E263EB21B000027D0 /* PaymentsUITests.swift */,
				99FB0C70263EB21B000027D0 /* Info.plist */,
			);
			path = PaymentsUITests;
			sourceTree = "<group>";
		};
		99FB0C7F263EB29F000027D0 /* Model */ = {
			isa = PBXGroup;
			children = (
				99FB0C80263EB312000027D0 /* PaymentList.swift */,
			);
			path = Model;
			sourceTree = "<group>";
		};
		99FB0C85263EB31E000027D0 /* Network */ = {
			isa = PBXGroup;
			children = (
				99FB0C8F263EB3D6000027D0 /* PaymentAPI.swift */,
			);
			path = Network;
			sourceTree = "<group>";
		};
		99FB0C86263EB371000027D0 /* Common */ = {
			isa = PBXGroup;
			children = (
				99FB0C87263EB380000027D0 /* Constant.swift */,
			);
			path = Common;
			sourceTree = "<group>";
		};
		99FB0C97263EC656000027D0 /* ViewModel */ = {
			isa = PBXGroup;
			children = (
				99FB0C98263EC66E000027D0 /* PaymentViewModel.swift */,
			);
			path = ViewModel;
			sourceTree = "<group>";
		};
/* End PBXGroup section */

/* Begin PBXNativeTarget section */
		99FB0C48263EB21A000027D0 /* Payments */ = {
			isa = PBXNativeTarget;
			buildConfigurationList = 99FB0C73263EB21B000027D0 /* Build configuration list for PBXNativeTarget "Payments" */;
			buildPhases = (
				99FB0C45263EB21A000027D0 /* Sources */,
				99FB0C46263EB21A000027D0 /* Frameworks */,
				99FB0C47263EB21A000027D0 /* Resources */,
			);
			buildRules = (
			);
			dependencies = (
			);
			name = Payments;
			productName = Payments;
			productReference = 99FB0C49263EB21A000027D0 /* Payments.app */;
			productType = "com.apple.product-type.application";
		};
		99FB0C5E263EB21B000027D0 /* PaymentsTests */ = {
			isa = PBXNativeTarget;
			buildConfigurationList = 99FB0C76263EB21B000027D0 /* Build configuration list for PBXNativeTarget "PaymentsTests" */;
			buildPhases = (
				99FB0C5B263EB21B000027D0 /* Sources */,
				99FB0C5C263EB21B000027D0 /* Frameworks */,
				99FB0C5D263EB21B000027D0 /* Resources */,
			);
			buildRules = (
			);
			dependencies = (
				99FB0C61263EB21B000027D0 /* PBXTargetDependency */,
			);
			name = PaymentsTests;
			productName = PaymentsTests;
			productReference = 99FB0C5F263EB21B000027D0 /* PaymentsTests.xctest */;
			productType = "com.apple.product-type.bundle.unit-test";
		};
		99FB0C69263EB21B000027D0 /* PaymentsUITests */ = {
			isa = PBXNativeTarget;
			buildConfigurationList = 99FB0C79263EB21B000027D0 /* Build configuration list for PBXNativeTarget "PaymentsUITests" */;
			buildPhases = (
				99FB0C66263EB21B000027D0 /* Sources */,
				99FB0C67263EB21B000027D0 /* Frameworks */,
				99FB0C68263EB21B000027D0 /* Resources */,
			);
			buildRules = (
			);
			dependencies = (
				99FB0C6C263EB21B000027D0 /* PBXTargetDependency */,
			);
			name = PaymentsUITests;
			productName = PaymentsUITests;
			productReference = 99FB0C6A263EB21B000027D0 /* PaymentsUITests.xctest */;
			productType = "com.apple.product-type.bundle.ui-testing";
		};
/* End PBXNativeTarget section */

/* Begin PBXProject section */
		99FB0C41263EB21A000027D0 /* Project object */ = {
			isa = PBXProject;
			attributes = {
				LastSwiftUpdateCheck = 1240;
				LastUpgradeCheck = 1240;
				TargetAttributes = {
					99FB0C48263EB21A000027D0 = {
						CreatedOnToolsVersion = 12.4;
					};
					99FB0C5E263EB21B000027D0 = {
						CreatedOnToolsVersion = 12.4;
						TestTargetID = 99FB0C48263EB21A000027D0;
					};
					99FB0C69263EB21B000027D0 = {
						CreatedOnToolsVersion = 12.4;
						TestTargetID = 99FB0C48263EB21A000027D0;
					};
				};
			};
			buildConfigurationList = 99FB0C44263EB21A000027D0 /* Build configuration list for PBXProject "Payments" */;
			compatibilityVersion = "Xcode 9.3";
			developmentRegion = en;
			hasScannedForEncodings = 0;
			knownRegions = (
				en,
				Base,
			);
			mainGroup = 99FB0C40263EB21A000027D0;
			productRefGroup = 99FB0C4A263EB21A000027D0 /* Products */;
			projectDirPath = "";
			projectRoot = "";
			targets = (
				99FB0C48263EB21A000027D0 /* Payments */,
				99FB0C5E263EB21B000027D0 /* PaymentsTests */,
				99FB0C69263EB21B000027D0 /* PaymentsUITests */,
			);
		};
/* End PBXProject section */

/* Begin PBXResourcesBuildPhase section */
		99FB0C47263EB21A000027D0 /* Resources */ = {
			isa = PBXResourcesBuildPhase;
			buildActionMask = 2147483647;
			files = (
				99FB0C59263EB21B000027D0 /* LaunchScreen.storyboard in Resources */,
				99FB0C56263EB21B000027D0 /* Assets.xcassets in Resources */,
				99FB0C54263EB21A000027D0 /* Main.storyboard in Resources */,
			);
			runOnlyForDeploymentPostprocessing = 0;
		};
		99FB0C5D263EB21B000027D0 /* Resources */ = {
			isa = PBXResourcesBuildPhase;
			buildActionMask = 2147483647;
			files = (
			);
			runOnlyForDeploymentPostprocessing = 0;
		};
		99FB0C68263EB21B000027D0 /* Resources */ = {
			isa = PBXResourcesBuildPhase;
			buildActionMask = 2147483647;
			files = (
			);
			runOnlyForDeploymentPostprocessing = 0;
		};
/* End PBXResourcesBuildPhase section */

/* Begin PBXSourcesBuildPhase section */
		99FB0C45263EB21A000027D0 /* Sources */ = {
			isa = PBXSourcesBuildPhase;
			buildActionMask = 2147483647;
			files = (
				99FB0C51263EB21A000027D0 /* PaymentListViewController.swift in Sources */,
				99FB0C4D263EB21A000027D0 /* AppDelegate.swift in Sources */,
				99FB0C88263EB380000027D0 /* Constant.swift in Sources */,
				99FB0C81263EB312000027D0 /* PaymentList.swift in Sources */,
				99FB0C4F263EB21A000027D0 /* SceneDelegate.swift in Sources */,
				99FB0C99263EC66E000027D0 /* PaymentViewModel.swift in Sources */,
				99FB0C90263EB3D6000027D0 /* PaymentAPI.swift in Sources */,
			);
			runOnlyForDeploymentPostprocessing = 0;
		};
		99FB0C5B263EB21B000027D0 /* Sources */ = {
			isa = PBXSourcesBuildPhase;
			buildActionMask = 2147483647;
			files = (
				99FB0C64263EB21B000027D0 /* PaymentsTests.swift in Sources */,
			);
			runOnlyForDeploymentPostprocessing = 0;
		};
		99FB0C66263EB21B000027D0 /* Sources */ = {
			isa = PBXSourcesBuildPhase;
			buildActionMask = 2147483647;
			files = (
				99FB0C6F263EB21B000027D0 /* PaymentsUITests.swift in Sources */,
			);
			runOnlyForDeploymentPostprocessing = 0;
		};
/* End PBXSourcesBuildPhase section */

/* Begin PBXTargetDependency section */
		99FB0C61263EB21B000027D0 /* PBXTargetDependency */ = {
			isa = PBXTargetDependency;
			target = 99FB0C48263EB21A000027D0 /* Payments */;
			targetProxy = 99FB0C60263EB21B000027D0 /* PBXContainerItemProxy */;
		};
		99FB0C6C263EB21B000027D0 /* PBXTargetDependency */ = {
			isa = PBXTargetDependency;
			target = 99FB0C48263EB21A000027D0 /* Payments */;
			targetProxy = 99FB0C6B263EB21B000027D0 /* PBXContainerItemProxy */;
		};
/* End PBXTargetDependency section */

/* Begin PBXVariantGroup section */
		99FB0C52263EB21A000027D0 /* Main.storyboard */ = {
			isa = PBXVariantGroup;
			children = (
				99FB0C53263EB21A000027D0 /* Base */,
			);
			name = Main.storyboard;
			sourceTree = "<group>";
		};
		99FB0C57263EB21B000027D0 /* LaunchScreen.storyboard */ = {
			isa = PBXVariantGroup;
			children = (
				99FB0C58263EB21B000027D0 /* Base */,
			);
			name = LaunchScreen.storyboard;
			sourceTree = "<group>";
		};
/* End PBXVariantGroup section */

/* Begin XCBuildConfiguration section */
		99FB0C71263EB21B000027D0 /* Debug */ = {
			isa = XCBuildConfiguration;
			buildSettings = {
				ALWAYS_SEARCH_USER_PATHS = NO;
				CLANG_ANALYZER_NONNULL = YES;
				CLANG_ANALYZER_NUMBER_OBJECT_CONVERSION = YES_AGGRESSIVE;
				CLANG_CXX_LANGUAGE_STANDARD = "gnu++14";
				CLANG_CXX_LIBRARY = "libc++";
				CLANG_ENABLE_MODULES = YES;
				CLANG_ENABLE_OBJC_ARC = YES;
				CLANG_ENABLE_OBJC_WEAK = YES;
				CLANG_WARN_BLOCK_CAPTURE_AUTORELEASING = YES;
				CLANG_WARN_BOOL_CONVERSION = YES;
				CLANG_WARN_COMMA = YES;
				CLANG_WARN_CONSTANT_CONVERSION = YES;
				CLANG_WARN_DEPRECATED_OBJC_IMPLEMENTATIONS = YES;
				CLANG_WARN_DIRECT_OBJC_ISA_USAGE = YES_ERROR;
				CLANG_WARN_DOCUMENTATION_COMMENTS = YES;
				CLANG_WARN_EMPTY_BODY = YES;
				CLANG_WARN_ENUM_CONVERSION = YES;
				CLANG_WARN_INFINITE_RECURSION = YES;
				CLANG_WARN_INT_CONVERSION = YES;
				CLANG_WARN_NON_LITERAL_NULL_CONVERSION = YES;
				CLANG_WARN_OBJC_IMPLICIT_RETAIN_SELF = YES;
				CLANG_WARN_OBJC_LITERAL_CONVERSION = YES;
				CLANG_WARN_OBJC_ROOT_CLASS = YES_ERROR;
				CLANG_WARN_QUOTED_INCLUDE_IN_FRAMEWORK_HEADER = YES;
				CLANG_WARN_RANGE_LOOP_ANALYSIS = YES;
				CLANG_WARN_STRICT_PROTOTYPES = YES;
				CLANG_WARN_SUSPICIOUS_MOVE = YES;
				CLANG_WARN_UNGUARDED_AVAILABILITY = YES_AGGRESSIVE;
				CLANG_WARN_UNREACHABLE_CODE = YES;
				CLANG_WARN__DUPLICATE_METHOD_MATCH = YES;
				COPY_PHASE_STRIP = NO;
				DEBUG_INFORMATION_FORMAT = dwarf;
				ENABLE_STRICT_OBJC_MSGSEND = YES;
				ENABLE_TESTABILITY = YES;
				GCC_C_LANGUAGE_STANDARD = gnu11;
				GCC_DYNAMIC_NO_PIC = NO;
				GCC_NO_COMMON_BLOCKS = YES;
				GCC_OPTIMIZATION_LEVEL = 0;
				GCC_PREPROCESSOR_DEFINITIONS = (
					"DEBUG=1",
					"$(inherited)",
				);
				GCC_WARN_64_TO_32_BIT_CONVERSION = YES;
				GCC_WARN_ABOUT_RETURN_TYPE = YES_ERROR;
				GCC_WARN_UNDECLARED_SELECTOR = YES;
				GCC_WARN_UNINITIALIZED_AUTOS = YES_AGGRESSIVE;
				GCC_WARN_UNUSED_FUNCTION = YES;
				GCC_WARN_UNUSED_VARIABLE = YES;
				IPHONEOS_DEPLOYMENT_TARGET = 14.4;
				MTL_ENABLE_DEBUG_INFO = INCLUDE_SOURCE;
				MTL_FAST_MATH = YES;
				ONLY_ACTIVE_ARCH = YES;
				SDKROOT = iphoneos;
				SWIFT_ACTIVE_COMPILATION_CONDITIONS = DEBUG;
				SWIFT_OPTIMIZATION_LEVEL = "-Onone";
			};
			name = Debug;
		};
		99FB0C72263EB21B000027D0 /* Release */ = {
			isa = XCBuildConfiguration;
			buildSettings = {
				ALWAYS_SEARCH_USER_PATHS = NO;
				CLANG_ANALYZER_NONNULL = YES;
				CLANG_ANALYZER_NUMBER_OBJECT_CONVERSION = YES_AGGRESSIVE;
				CLANG_CXX_LANGUAGE_STANDARD = "gnu++14";
				CLANG_CXX_LIBRARY = "libc++";
				CLANG_ENABLE_MODULES = YES;
				CLANG_ENABLE_OBJC_ARC = YES;
				CLANG_ENABLE_OBJC_WEAK = YES;
				CLANG_WARN_BLOCK_CAPTURE_AUTORELEASING = YES;
				CLANG_WARN_BOOL_CONVERSION = YES;
				CLANG_WARN_COMMA = YES;
				CLANG_WARN_CONSTANT_CONVERSION = YES;
				CLANG_WARN_DEPRECATED_OBJC_IMPLEMENTATIONS = YES;
				CLANG_WARN_DIRECT_OBJC_ISA_USAGE = YES_ERROR;
				CLANG_WARN_DOCUMENTATION_COMMENTS = YES;
				CLANG_WARN_EMPTY_BODY = YES;
				CLANG_WARN_ENUM_CONVERSION = YES;
				CLANG_WARN_INFINITE_RECURSION = YES;
				CLANG_WARN_INT_CONVERSION = YES;
				CLANG_WARN_NON_LITERAL_NULL_CONVERSION = YES;
				CLANG_WARN_OBJC_IMPLICIT_RETAIN_SELF = YES;
				CLANG_WARN_OBJC_LITERAL_CONVERSION = YES;
				CLANG_WARN_OBJC_ROOT_CLASS = YES_ERROR;
				CLANG_WARN_QUOTED_INCLUDE_IN_FRAMEWORK_HEADER = YES;
				CLANG_WARN_RANGE_LOOP_ANALYSIS = YES;
				CLANG_WARN_STRICT_PROTOTYPES = YES;
				CLANG_WARN_SUSPICIOUS_MOVE = YES;
				CLANG_WARN_UNGUARDED_AVAILABILITY = YES_AGGRESSIVE;
				CLANG_WARN_UNREACHABLE_CODE = YES;
				CLANG_WARN__DUPLICATE_METHOD_MATCH = YES;
				COPY_PHASE_STRIP = NO;
				DEBUG_INFORMATION_FORMAT = "dwarf-with-dsym";
				ENABLE_NS_ASSERTIONS = NO;
				ENABLE_STRICT_OBJC_MSGSEND = YES;
				GCC_C_LANGUAGE_STANDARD = gnu11;
				GCC_NO_COMMON_BLOCKS = YES;
				GCC_WARN_64_TO_32_BIT_CONVERSION = YES;
				GCC_WARN_ABOUT_RETURN_TYPE = YES_ERROR;
				GCC_WARN_UNDECLARED_SELECTOR = YES;
				GCC_WARN_UNINITIALIZED_AUTOS = YES_AGGRESSIVE;
				GCC_WARN_UNUSED_FUNCTION = YES;
				GCC_WARN_UNUSED_VARIABLE = YES;
				IPHONEOS_DEPLOYMENT_TARGET = 14.4;
				MTL_ENABLE_DEBUG_INFO = NO;
				MTL_FAST_MATH = YES;
				SDKROOT = iphoneos;
				SWIFT_COMPILATION_MODE = wholemodule;
				SWIFT_OPTIMIZATION_LEVEL = "-O";
				VALIDATE_PRODUCT = YES;
			};
			name = Release;
		};
		99FB0C74263EB21B000027D0 /* Debug */ = {
			isa = XCBuildConfiguration;
			buildSettings = {
				ASSETCATALOG_COMPILER_APPICON_NAME = AppIcon;
				ASSETCATALOG_COMPILER_GLOBAL_ACCENT_COLOR_NAME = AccentColor;
				CODE_SIGN_STYLE = Automatic;
				INFOPLIST_FILE = Payments/Info.plist;
				LD_RUNPATH_SEARCH_PATHS = (
					"$(inherited)",
					"@executable_path/Frameworks",
				);
				PRODUCT_BUNDLE_IDENTIFIER = com.apple.Payments;
				PRODUCT_NAME = "$(TARGET_NAME)";
				SWIFT_VERSION = 5.0;
				TARGETED_DEVICE_FAMILY = "1,2";
			};
			name = Debug;
		};
		99FB0C75263EB21B000027D0 /* Release */ = {
			isa = XCBuildConfiguration;
			buildSettings = {
				ASSETCATALOG_COMPILER_APPICON_NAME = AppIcon;
				ASSETCATALOG_COMPILER_GLOBAL_ACCENT_COLOR_NAME = AccentColor;
				CODE_SIGN_STYLE = Automatic;
				INFOPLIST_FILE = Payments/Info.plist;
				LD_RUNPATH_SEARCH_PATHS = (
					"$(inherited)",
					"@executable_path/Frameworks",
				);
				PRODUCT_BUNDLE_IDENTIFIER = com.apple.Payments;
				PRODUCT_NAME = "$(TARGET_NAME)";
				SWIFT_VERSION = 5.0;
				TARGETED_DEVICE_FAMILY = "1,2";
			};
			name = Release;
		};
		99FB0C77263EB21B000027D0 /* Debug */ = {
			isa = XCBuildConfiguration;
			buildSettings = {
				ALWAYS_EMBED_SWIFT_STANDARD_LIBRARIES = YES;
				BUNDLE_LOADER = "$(TEST_HOST)";
				CODE_SIGN_STYLE = Automatic;
				INFOPLIST_FILE = PaymentsTests/Info.plist;
				IPHONEOS_DEPLOYMENT_TARGET = 14.4;
				LD_RUNPATH_SEARCH_PATHS = (
					"$(inherited)",
					"@executable_path/Frameworks",
					"@loader_path/Frameworks",
				);
				PRODUCT_BUNDLE_IDENTIFIER = com.apple.PaymentsTests;
				PRODUCT_NAME = "$(TARGET_NAME)";
				SWIFT_VERSION = 5.0;
				TARGETED_DEVICE_FAMILY = "1,2";
				TEST_HOST = "$(BUILT_PRODUCTS_DIR)/Payments.app/Payments";
			};
			name = Debug;
		};
		99FB0C78263EB21B000027D0 /* Release */ = {
			isa = XCBuildConfiguration;
			buildSettings = {
				ALWAYS_EMBED_SWIFT_STANDARD_LIBRARIES = YES;
				BUNDLE_LOADER = "$(TEST_HOST)";
				CODE_SIGN_STYLE = Automatic;
				INFOPLIST_FILE = PaymentsTests/Info.plist;
				IPHONEOS_DEPLOYMENT_TARGET = 14.4;
				LD_RUNPATH_SEARCH_PATHS = (
					"$(inherited)",
					"@executable_path/Frameworks",
					"@loader_path/Frameworks",
				);
				PRODUCT_BUNDLE_IDENTIFIER = com.apple.PaymentsTests;
				PRODUCT_NAME = "$(TARGET_NAME)";
				SWIFT_VERSION = 5.0;
				TARGETED_DEVICE_FAMILY = "1,2";
				TEST_HOST = "$(BUILT_PRODUCTS_DIR)/Payments.app/Payments";
			};
			name = Release;
		};
		99FB0C7A263EB21B000027D0 /* Debug */ = {
			isa = XCBuildConfiguration;
			buildSettings = {
				ALWAYS_EMBED_SWIFT_STANDARD_LIBRARIES = YES;
				CODE_SIGN_STYLE = Automatic;
				INFOPLIST_FILE = PaymentsUITests/Info.plist;
				LD_RUNPATH_SEARCH_PATHS = (
					"$(inherited)",
					"@executable_path/Frameworks",
					"@loader_path/Frameworks",
				);
				PRODUCT_BUNDLE_IDENTIFIER = com.apple.PaymentsUITests;
				PRODUCT_NAME = "$(TARGET_NAME)";
				SWIFT_VERSION = 5.0;
				TARGETED_DEVICE_FAMILY = "1,2";
				TEST_TARGET_NAME = Payments;
			};
			name = Debug;
		};
		99FB0C7B263EB21B000027D0 /* Release */ = {
			isa = XCBuildConfiguration;
			buildSettings = {
				ALWAYS_EMBED_SWIFT_STANDARD_LIBRARIES = YES;
				CODE_SIGN_STYLE = Automatic;
				INFOPLIST_FILE = PaymentsUITests/Info.plist;
				LD_RUNPATH_SEARCH_PATHS = (
					"$(inherited)",
					"@executable_path/Frameworks",
					"@loader_path/Frameworks",
				);
				PRODUCT_BUNDLE_IDENTIFIER = com.apple.PaymentsUITests;
				PRODUCT_NAME = "$(TARGET_NAME)";
				SWIFT_VERSION = 5.0;
				TARGETED_DEVICE_FAMILY = "1,2";
				TEST_TARGET_NAME = Payments;
			};
			name = Release;
		};
/* End XCBuildConfiguration section */

/* Begin XCConfigurationList section */
		99FB0C44263EB21A000027D0 /* Build configuration list for PBXProject "Payments" */ = {
			isa = XCConfigurationList;
			buildConfigurations = (
				99FB0C71263EB21B000027D0 /* Debug */,
				99FB0C72263EB21B000027D0 /* Release */,
			);
			defaultConfigurationIsVisible = 0;
			defaultConfigurationName = Release;
		};
		99FB0C73263EB21B000027D0 /* Build configuration list for PBXNativeTarget "Payments" */ = {
			isa = XCConfigurationList;
			buildConfigurations = (
				99FB0C74263EB21B000027D0 /* Debug */,
				99FB0C75263EB21B000027D0 /* Release */,
			);
			defaultConfigurationIsVisible = 0;
			defaultConfigurationName = Release;
		};
		99FB0C76263EB21B000027D0 /* Build configuration list for PBXNativeTarget "PaymentsTests" */ = {
			isa = XCConfigurationList;
			buildConfigurations = (
				99FB0C77263EB21B000027D0 /* Debug */,
				99FB0C78263EB21B000027D0 /* Release */,
			);
			defaultConfigurationIsVisible = 0;
			defaultConfigurationName = Release;
		};
		99FB0C79263EB21B000027D0 /* Build configuration list for PBXNativeTarget "PaymentsUITests" */ = {
			isa = XCConfigurationList;
			buildConfigurations = (
				99FB0C7A263EB21B000027D0 /* Debug */,
				99FB0C7B263EB21B000027D0 /* Release */,
			);
			defaultConfigurationIsVisible = 0;
			defaultConfigurationName = Release;
		};
/* End XCConfigurationList section */
	};
	rootObject = 99FB0C41263EB21A000027D0 /* Project object */;
}
